
Microsoft Visual Studio Solution File, Format Version 12.00
# Visual Studio 15
VisualStudioVersion = 15.0.27004.2009
MinimumVisualStudioVersion = 10.0.40219.1
Project("{FAE04EC0-301F-11D3-BF4B-00C04F79EFBC}") = "ag-Grid", "ag-Grid\ag-Grid.csproj", "{87CA5767-D036-4ECF-AA76-D3219B302F02}"
EndProject
Global
	GlobalSection(SolutionConfigurationPlatforms) = preSolution
		Debug|Any CPU = Debug|Any CPU
		Release|Any CPU = Release|Any CPU
	EndGlobalSection
	GlobalSection(ProjectConfigurationPlatforms) = postSolution
		{87CA5767-D036-4ECF-AA76-D3219B302F02}.Debug|Any CPU.ActiveCfg = Debug|Any CPU
		{87CA5767-D036-4ECF-AA76-D3219B302F02}.Debug|Any CPU.Build.0 = Debug|Any CPU
		{87CA5767-D036-4ECF-AA76-D3219B302F02}.Release|Any CPU.ActiveCfg = Release|Any CPU
		{87CA5767-D036-4ECF-AA76-D3219B302F02}.Release|Any CPU.Build.0 = Release|Any CPU
	EndGlobalSection
	GlobalSection(SolutionProperties) = preSolution
		HideSolutionNode = FALSE
	EndGlobalSection
	GlobalSection(ExtensibilityGlobals) = postSolution
		SolutionGuid = {8930E959-EA93-4D5B-96FF-4C941AA84DC8}
	EndGlobalSection
EndGlobal
